// !$*UTF8*$!
{
	archiveVersion = 1;
	classes = {
	};
	objectVersion = 56;
	objects = {

/* Begin PBXBuildFile section */
		DA7AC5BE299DBDD800D2DD6A /* GpaCalculatorApp.swift in Sources */ = {isa = PBXBuildFile; fileRef = DA7AC5BD299DBDD800D2DD6A /* GpaCalculatorApp.swift */; };
		DA7AC5C0299DBDD800D2DD6A /* Persistence.swift in Sources */ = {isa = PBXBuildFile; fileRef = DA7AC5BF299DBDD800D2DD6A /* Persistence.swift */; };
		DA7AC5C3299DBDD800D2DD6A /* GpaCalculator.xcdatamodeld in Sources */ = {isa = PBXBuildFile; fileRef = DA7AC5C1299DBDD800D2DD6A /* GpaCalculator.xcdatamodeld */; };
		DA7AC5C5299DBDD800D2DD6A /* ContentView.swift in Sources */ = {isa = PBXBuildFile; fileRef = DA7AC5C4299DBDD800D2DD6A /* ContentView.swift */; };
		DA7AC5C7299DBDDA00D2DD6A /* Assets.xcassets in Resources */ = {isa = PBXBuildFile; fileRef = DA7AC5C6299DBDDA00D2DD6A /* Assets.xcassets */; };
		DA7AC5CB299DBDDA00D2DD6A /* Preview Assets.xcassets in Resources */ = {isa = PBXBuildFile; fileRef = DA7AC5CA299DBDDA00D2DD6A /* Preview Assets.xcassets */; };
		DA7AC5D5299DBDDB00D2DD6A /* GpaCalculatorTests.swift in Sources */ = {isa = PBXBuildFile; fileRef = DA7AC5D4299DBDDB00D2DD6A /* GpaCalculatorTests.swift */; };
		DA7AC5DF299DBDDB00D2DD6A /* GpaCalculatorUITests.swift in Sources */ = {isa = PBXBuildFile; fileRef = DA7AC5DE299DBDDB00D2DD6A /* GpaCalculatorUITests.swift */; };
		DA7AC5E1299DBDDB00D2DD6A /* GpaCalculatorUITestsLaunchTests.swift in Sources */ = {isa = PBXBuildFile; fileRef = DA7AC5E0299DBDDB00D2DD6A /* GpaCalculatorUITestsLaunchTests.swift */; };
		DA7AC5EE299DC21800D2DD6A /* DialogView.swift in Sources */ = {isa = PBXBuildFile; fileRef = DA7AC5ED299DC21800D2DD6A /* DialogView.swift */; };
/* End PBXBuildFile section */

/* Begin PBXContainerItemProxy section */
		DA7AC5D1299DBDDB00D2DD6A /* PBXContainerItemProxy */ = {
			isa = PBXContainerItemProxy;
			containerPortal = DA7AC5B2299DBDD800D2DD6A /* Project object */;
			proxyType = 1;
			remoteGlobalIDString = DA7AC5B9299DBDD800D2DD6A;
			remoteInfo = GpaCalculator;
		};
		DA7AC5DB299DBDDB00D2DD6A /* PBXContainerItemProxy */ = {
			isa = PBXContainerItemProxy;
			containerPortal = DA7AC5B2299DBDD800D2DD6A /* Project object */;
			proxyType = 1;
			remoteGlobalIDString = DA7AC5B9299DBDD800D2DD6A;
			remoteInfo = GpaCalculator;
		};
/* End PBXContainerItemProxy section */

/* Begin PBXFileReference section */
		DA7AC5BA299DBDD800D2DD6A /* GpaCalculator.app */ = {isa = PBXFileReference; explicitFileType = wrapper.application; includeInIndex = 0; path = GpaCalculator.app; sourceTree = BUILT_PRODUCTS_DIR; };
		DA7AC5BD299DBDD800D2DD6A /* GpaCalculatorApp.swift */ = {isa = PBXFileReference; lastKnownFileType = sourcecode.swift; path = GpaCalculatorApp.swift; sourceTree = "<group>"; };
		DA7AC5BF299DBDD800D2DD6A /* Persistence.swift */ = {isa = PBXFileReference; lastKnownFileType = sourcecode.swift; path = Persistence.swift; sourceTree = "<group>"; };
		DA7AC5C2299DBDD800D2DD6A /* GpaCalculator.xcdatamodel */ = {isa = PBXFileReference; lastKnownFileType = wrapper.xcdatamodel; path = GpaCalculator.xcdatamodel; sourceTree = "<group>"; };
		DA7AC5C4299DBDD800D2DD6A /* ContentView.swift */ = {isa = PBXFileReference; lastKnownFileType = sourcecode.swift; path = ContentView.swift; sourceTree = "<group>"; };
		DA7AC5C6299DBDDA00D2DD6A /* Assets.xcassets */ = {isa = PBXFileReference; lastKnownFileType = folder.assetcatalog; path = Assets.xcassets; sourceTree = "<group>"; };
		DA7AC5C8299DBDDA00D2DD6A /* GpaCalculator.entitlements */ = {isa = PBXFileReference; lastKnownFileType = text.plist.entitlements; path = GpaCalculator.entitlements; sourceTree = "<group>"; };
		DA7AC5CA299DBDDA00D2DD6A /* Preview Assets.xcassets */ = {isa = PBXFileReference; lastKnownFileType = folder.assetcatalog; path = "Preview Assets.xcassets"; sourceTree = "<group>"; };
		DA7AC5D0299DBDDB00D2DD6A /* GpaCalculatorTests.xctest */ = {isa = PBXFileReference; explicitFileType = wrapper.cfbundle; includeInIndex = 0; path = GpaCalculatorTests.xctest; sourceTree = BUILT_PRODUCTS_DIR; };
		DA7AC5D4299DBDDB00D2DD6A /* GpaCalculatorTests.swift */ = {isa = PBXFileReference; lastKnownFileType = sourcecode.swift; path = GpaCalculatorTests.swift; sourceTree = "<group>"; };
		DA7AC5DA299DBDDB00D2DD6A /* GpaCalculatorUITests.xctest */ = {isa = PBXFileReference; explicitFileType = wrapper.cfbundle; includeInIndex = 0; path = GpaCalculatorUITests.xctest; sourceTree = BUILT_PRODUCTS_DIR; };
		DA7AC5DE299DBDDB00D2DD6A /* GpaCalculatorUITests.swift */ = {isa = PBXFileReference; lastKnownFileType = sourcecode.swift; path = GpaCalculatorUITests.swift; sourceTree = "<group>"; };
		DA7AC5E0299DBDDB00D2DD6A /* GpaCalculatorUITestsLaunchTests.swift */ = {isa = PBXFileReference; lastKnownFileType = sourcecode.swift; path = GpaCalculatorUITestsLaunchTests.swift; sourceTree = "<group>"; };
		DA7AC5ED299DC21800D2DD6A /* DialogView.swift */ = {isa = PBXFileReference; lastKnownFileType = sourcecode.swift; path = DialogView.swift; sourceTree = "<group>"; };
/* End PBXFileReference section */

/* Begin PBXFrameworksBuildPhase section */
		DA7AC5B7299DBDD800D2DD6A /* Frameworks */ = {
			isa = PBXFrameworksBuildPhase;
			buildActionMask = 2147483647;
			files = (
			);
			runOnlyForDeploymentPostprocessing = 0;
		};
		DA7AC5CD299DBDDB00D2DD6A /* Frameworks */ = {
			isa = PBXFrameworksBuildPhase;
			buildActionMask = 2147483647;
			files = (
			);
			runOnlyForDeploymentPostprocessing = 0;
		};
		DA7AC5D7299DBDDB00D2DD6A /* Frameworks */ = {
			isa = PBXFrameworksBuildPhase;
			buildActionMask = 2147483647;
			files = (
			);
			runOnlyForDeploymentPostprocessing = 0;
		};
/* End PBXFrameworksBuildPhase section */

/* Begin PBXGroup section */
		DA7AC5B1299DBDD800D2DD6A = {
			isa = PBXGroup;
			children = (
				DA7AC5BC299DBDD800D2DD6A /* GpaCalculator */,
				DA7AC5D3299DBDDB00D2DD6A /* GpaCalculatorTests */,
				DA7AC5DD299DBDDB00D2DD6A /* GpaCalculatorUITests */,
				DA7AC5BB299DBDD800D2DD6A /* Products */,
			);
			sourceTree = "<group>";
		};
		DA7AC5BB299DBDD800D2DD6A /* Products */ = {
			isa = PBXGroup;
			children = (
				DA7AC5BA299DBDD800D2DD6A /* GpaCalculator.app */,
				DA7AC5D0299DBDDB00D2DD6A /* GpaCalculatorTests.xctest */,
				DA7AC5DA299DBDDB00D2DD6A /* GpaCalculatorUITests.xctest */,
			);
			name = Products;
			sourceTree = "<group>";
		};
		DA7AC5BC299DBDD800D2DD6A /* GpaCalculator */ = {
			isa = PBXGroup;
			children = (
				DA7AC5BD299DBDD800D2DD6A /* GpaCalculatorApp.swift */,
				DA7AC5BF299DBDD800D2DD6A /* Persistence.swift */,
				DA7AC5C4299DBDD800D2DD6A /* ContentView.swift */,
				DA7AC5ED299DC21800D2DD6A /* DialogView.swift */,
				DA7AC5C6299DBDDA00D2DD6A /* Assets.xcassets */,
				DA7AC5C8299DBDDA00D2DD6A /* GpaCalculator.entitlements */,
				DA7AC5C1299DBDD800D2DD6A /* GpaCalculator.xcdatamodeld */,
				DA7AC5C9299DBDDA00D2DD6A /* Preview Content */,
			);
			path = GpaCalculator;
			sourceTree = "<group>";
		};
		DA7AC5C9299DBDDA00D2DD6A /* Preview Content */ = {
			isa = PBXGroup;
			children = (
				DA7AC5CA299DBDDA00D2DD6A /* Preview Assets.xcassets */,
			);
			path = "Preview Content";
			sourceTree = "<group>";
		};
		DA7AC5D3299DBDDB00D2DD6A /* GpaCalculatorTests */ = {
			isa = PBXGroup;
			children = (
				DA7AC5D4299DBDDB00D2DD6A /* GpaCalculatorTests.swift */,
			);
			path = GpaCalculatorTests;
			sourceTree = "<group>";
		};
		DA7AC5DD299DBDDB00D2DD6A /* GpaCalculatorUITests */ = {
			isa = PBXGroup;
			children = (
				DA7AC5DE299DBDDB00D2DD6A /* GpaCalculatorUITests.swift */,
				DA7AC5E0299DBDDB00D2DD6A /* GpaCalculatorUITestsLaunchTests.swift */,
			);
			path = GpaCalculatorUITests;
			sourceTree = "<group>";
		};
/* End PBXGroup section */

/* Begin PBXNativeTarget section */
		DA7AC5B9299DBDD800D2DD6A /* GpaCalculator */ = {
			isa = PBXNativeTarget;
			buildConfigurationList = DA7AC5E4299DBDDB00D2DD6A /* Build configuration list for PBXNativeTarget "GpaCalculator" */;
			buildPhases = (
				DA7AC5B6299DBDD800D2DD6A /* Sources */,
				DA7AC5B7299DBDD800D2DD6A /* Frameworks */,
				DA7AC5B8299DBDD800D2DD6A /* Resources */,
			);
			buildRules = (
			);
			dependencies = (
			);
			name = GpaCalculator;
			productName = GpaCalculator;
			productReference = DA7AC5BA299DBDD800D2DD6A /* GpaCalculator.app */;
			productType = "com.apple.product-type.application";
		};
		DA7AC5CF299DBDDB00D2DD6A /* GpaCalculatorTests */ = {
			isa = PBXNativeTarget;
			buildConfigurationList = DA7AC5E7299DBDDB00D2DD6A /* Build configuration list for PBXNativeTarget "GpaCalculatorTests" */;
			buildPhases = (
				DA7AC5CC299DBDDB00D2DD6A /* Sources */,
				DA7AC5CD299DBDDB00D2DD6A /* Frameworks */,
				DA7AC5CE299DBDDB00D2DD6A /* Resources */,
			);
			buildRules = (
			);
			dependencies = (
				DA7AC5D2299DBDDB00D2DD6A /* PBXTargetDependency */,
			);
			name = GpaCalculatorTests;
			productName = GpaCalculatorTests;
			productReference = DA7AC5D0299DBDDB00D2DD6A /* GpaCalculatorTests.xctest */;
			productType = "com.apple.product-type.bundle.unit-test";
		};
		DA7AC5D9299DBDDB00D2DD6A /* GpaCalculatorUITests */ = {
			isa = PBXNativeTarget;
			buildConfigurationList = DA7AC5EA299DBDDB00D2DD6A /* Build configuration list for PBXNativeTarget "GpaCalculatorUITests" */;
			buildPhases = (
				DA7AC5D6299DBDDB00D2DD6A /* Sources */,
				DA7AC5D7299DBDDB00D2DD6A /* Frameworks */,
				DA7AC5D8299DBDDB00D2DD6A /* Resources */,
			);
			buildRules = (
			);
			dependencies = (
				DA7AC5DC299DBDDB00D2DD6A /* PBXTargetDependency */,
			);
			name = GpaCalculatorUITests;
			productName = GpaCalculatorUITests;
			productReference = DA7AC5DA299DBDDB00D2DD6A /* GpaCalculatorUITests.xctest */;
			productType = "com.apple.product-type.bundle.ui-testing";
		};
/* End PBXNativeTarget section */

/* Begin PBXProject section */
		DA7AC5B2299DBDD800D2DD6A /* Project object */ = {
			isa = PBXProject;
			attributes = {
				BuildIndependentTargetsInParallel = 1;
				LastSwiftUpdateCheck = 1420;
				LastUpgradeCheck = 1420;
				TargetAttributes = {
					DA7AC5B9299DBDD800D2DD6A = {
						CreatedOnToolsVersion = 14.2;
					};
					DA7AC5CF299DBDDB00D2DD6A = {
						CreatedOnToolsVersion = 14.2;
						TestTargetID = DA7AC5B9299DBDD800D2DD6A;
					};
					DA7AC5D9299DBDDB00D2DD6A = {
						CreatedOnToolsVersion = 14.2;
						TestTargetID = DA7AC5B9299DBDD800D2DD6A;
					};
				};
			};
			buildConfigurationList = DA7AC5B5299DBDD800D2DD6A /* Build configuration list for PBXProject "GpaCalculator" */;
			compatibilityVersion = "Xcode 14.0";
			developmentRegion = en;
			hasScannedForEncodings = 0;
			knownRegions = (
				en,
				Base,
			);
			mainGroup = DA7AC5B1299DBDD800D2DD6A;
			productRefGroup = DA7AC5BB299DBDD800D2DD6A /* Products */;
			projectDirPath = "";
			projectRoot = "";
			targets = (
				DA7AC5B9299DBDD800D2DD6A /* GpaCalculator */,
				DA7AC5CF299DBDDB00D2DD6A /* GpaCalculatorTests */,
				DA7AC5D9299DBDDB00D2DD6A /* GpaCalculatorUITests */,
			);
		};
/* End PBXProject section */

/* Begin PBXResourcesBuildPhase section */
		DA7AC5B8299DBDD800D2DD6A /* Resources */ = {
			isa = PBXResourcesBuildPhase;
			buildActionMask = 2147483647;
			files = (
				DA7AC5CB299DBDDA00D2DD6A /* Preview Assets.xcassets in Resources */,
				DA7AC5C7299DBDDA00D2DD6A /* Assets.xcassets in Resources */,
			);
			runOnlyForDeploymentPostprocessing = 0;
		};
		DA7AC5CE299DBDDB00D2DD6A /* Resources */ = {
			isa = PBXResourcesBuildPhase;
			buildActionMask = 2147483647;
			files = (
			);
			runOnlyForDeploymentPostprocessing = 0;
		};
		DA7AC5D8299DBDDB00D2DD6A /* Resources */ = {
			isa = PBXResourcesBuildPhase;
			buildActionMask = 2147483647;
			files = (
			);
			runOnlyForDeploymentPostprocessing = 0;
		};
/* End PBXResourcesBuildPhase section */

/* Begin PBXSourcesBuildPhase section */
		DA7AC5B6299DBDD800D2DD6A /* Sources */ = {
			isa = PBXSourcesBuildPhase;
			buildActionMask = 2147483647;
			files = (
				DA7AC5BE299DBDD800D2DD6A /* GpaCalculatorApp.swift in Sources */,
				DA7AC5C3299DBDD800D2DD6A /* GpaCalculator.xcdatamodeld in Sources */,
				DA7AC5EE299DC21800D2DD6A /* DialogView.swift in Sources */,
				DA7AC5C5299DBDD800D2DD6A /* ContentView.swift in Sources */,
				DA7AC5C0299DBDD800D2DD6A /* Persistence.swift in Sources */,
			);
			runOnlyForDeploymentPostprocessing = 0;
		};
		DA7AC5CC299DBDDB00D2DD6A /* Sources */ = {
			isa = PBXSourcesBuildPhase;
			buildActionMask = 2147483647;
			files = (
				DA7AC5D5299DBDDB00D2DD6A /* GpaCalculatorTests.swift in Sources */,
			);
			runOnlyForDeploymentPostprocessing = 0;
		};
		DA7AC5D6299DBDDB00D2DD6A /* Sources */ = {
			isa = PBXSourcesBuildPhase;
			buildActionMask = 2147483647;
			files = (
				DA7AC5DF299DBDDB00D2DD6A /* GpaCalculatorUITests.swift in Sources */,
				DA7AC5E1299DBDDB00D2DD6A /* GpaCalculatorUITestsLaunchTests.swift in Sources */,
			);
			runOnlyForDeploymentPostprocessing = 0;
		};
/* End PBXSourcesBuildPhase section */

/* Begin PBXTargetDependency section */
		DA7AC5D2299DBDDB00D2DD6A /* PBXTargetDependency */ = {
			isa = PBXTargetDependency;
			target = DA7AC5B9299DBDD800D2DD6A /* GpaCalculator */;
			targetProxy = DA7AC5D1299DBDDB00D2DD6A /* PBXContainerItemProxy */;
		};
		DA7AC5DC299DBDDB00D2DD6A /* PBXTargetDependency */ = {
			isa = PBXTargetDependency;
			target = DA7AC5B9299DBDD800D2DD6A /* GpaCalculator */;
			targetProxy = DA7AC5DB299DBDDB00D2DD6A /* PBXContainerItemProxy */;
		};
/* End PBXTargetDependency section */

/* Begin XCBuildConfiguration section */
		DA7AC5E2299DBDDB00D2DD6A /* Debug */ = {
			isa = XCBuildConfiguration;
			buildSettings = {
				ALWAYS_SEARCH_USER_PATHS = NO;
				CLANG_ANALYZER_NONNULL = YES;
				CLANG_ANALYZER_NUMBER_OBJECT_CONVERSION = YES_AGGRESSIVE;
				CLANG_CXX_LANGUAGE_STANDARD = "gnu++20";
				CLANG_ENABLE_MODULES = YES;
				CLANG_ENABLE_OBJC_ARC = YES;
				CLANG_ENABLE_OBJC_WEAK = YES;
				CLANG_WARN_BLOCK_CAPTURE_AUTORELEASING = YES;
				CLANG_WARN_BOOL_CONVERSION = YES;
				CLANG_WARN_COMMA = YES;
				CLANG_WARN_CONSTANT_CONVERSION = YES;
				CLANG_WARN_DEPRECATED_OBJC_IMPLEMENTATIONS = YES;
				CLANG_WARN_DIRECT_OBJC_ISA_USAGE = YES_ERROR;
				CLANG_WARN_DOCUMENTATION_COMMENTS = YES;
				CLANG_WARN_EMPTY_BODY = YES;
				CLANG_WARN_ENUM_CONVERSION = YES;
				CLANG_WARN_INFINITE_RECURSION = YES;
				CLANG_WARN_INT_CONVERSION = YES;
				CLANG_WARN_NON_LITERAL_NULL_CONVERSION = YES;
				CLANG_WARN_OBJC_IMPLICIT_RETAIN_SELF = YES;
				CLANG_WARN_OBJC_LITERAL_CONVERSION = YES;
				CLANG_WARN_OBJC_ROOT_CLASS = YES_ERROR;
				CLANG_WARN_QUOTED_INCLUDE_IN_FRAMEWORK_HEADER = YES;
				CLANG_WARN_RANGE_LOOP_ANALYSIS = YES;
				CLANG_WARN_STRICT_PROTOTYPES = YES;
				CLANG_WARN_SUSPICIOUS_MOVE = YES;
				CLANG_WARN_UNGUARDED_AVAILABILITY = YES_AGGRESSIVE;
				CLANG_WARN_UNREACHABLE_CODE = YES;
				CLANG_WARN__DUPLICATE_METHOD_MATCH = YES;
				COPY_PHASE_STRIP = NO;
				DEBUG_INFORMATION_FORMAT = dwarf;
				ENABLE_STRICT_OBJC_MSGSEND = YES;
				ENABLE_TESTABILITY = YES;
				GCC_C_LANGUAGE_STANDARD = gnu11;
				GCC_DYNAMIC_NO_PIC = NO;
				GCC_NO_COMMON_BLOCKS = YES;
				GCC_OPTIMIZATION_LEVEL = 0;
				GCC_PREPROCESSOR_DEFINITIONS = (
					"DEBUG=1",
					"$(inherited)",
				);
				GCC_WARN_64_TO_32_BIT_CONVERSION = YES;
				GCC_WARN_ABOUT_RETURN_TYPE = YES_ERROR;
				GCC_WARN_UNDECLARED_SELECTOR = YES;
				GCC_WARN_UNINITIALIZED_AUTOS = YES_AGGRESSIVE;
				GCC_WARN_UNUSED_FUNCTION = YES;
				GCC_WARN_UNUSED_VARIABLE = YES;
				MTL_ENABLE_DEBUG_INFO = INCLUDE_SOURCE;
				MTL_FAST_MATH = YES;
				ONLY_ACTIVE_ARCH = YES;
				SWIFT_ACTIVE_COMPILATION_CONDITIONS = DEBUG;
				SWIFT_OPTIMIZATION_LEVEL = "-Onone";
			};
			name = Debug;
		};
		DA7AC5E3299DBDDB00D2DD6A /* Release */ = {
			isa = XCBuildConfiguration;
			buildSettings = {
				ALWAYS_SEARCH_USER_PATHS = NO;
				CLANG_ANALYZER_NONNULL = YES;
				CLANG_ANALYZER_NUMBER_OBJECT_CONVERSION = YES_AGGRESSIVE;
				CLANG_CXX_LANGUAGE_STANDARD = "gnu++20";
				CLANG_ENABLE_MODULES = YES;
				CLANG_ENABLE_OBJC_ARC = YES;
				CLANG_ENABLE_OBJC_WEAK = YES;
				CLANG_WARN_BLOCK_CAPTURE_AUTORELEASING = YES;
				CLANG_WARN_BOOL_CONVERSION = YES;
				CLANG_WARN_COMMA = YES;
				CLANG_WARN_CONSTANT_CONVERSION = YES;
				CLANG_WARN_DEPRECATED_OBJC_IMPLEMENTATIONS = YES;
				CLANG_WARN_DIRECT_OBJC_ISA_USAGE = YES_ERROR;
				CLANG_WARN_DOCUMENTATION_COMMENTS = YES;
				CLANG_WARN_EMPTY_BODY = YES;
				CLANG_WARN_ENUM_CONVERSION = YES;
				CLANG_WARN_INFINITE_RECURSION = YES;
				CLANG_WARN_INT_CONVERSION = YES;
				CLANG_WARN_NON_LITERAL_NULL_CONVERSION = YES;
				CLANG_WARN_OBJC_IMPLICIT_RETAIN_SELF = YES;
				CLANG_WARN_OBJC_LITERAL_CONVERSION = YES;
				CLANG_WARN_OBJC_ROOT_CLASS = YES_ERROR;
				CLANG_WARN_QUOTED_INCLUDE_IN_FRAMEWORK_HEADER = YES;
				CLANG_WARN_RANGE_LOOP_ANALYSIS = YES;
				CLANG_WARN_STRICT_PROTOTYPES = YES;
				CLANG_WARN_SUSPICIOUS_MOVE = YES;
				CLANG_WARN_UNGUARDED_AVAILABILITY = YES_AGGRESSIVE;
				CLANG_WARN_UNREACHABLE_CODE = YES;
				CLANG_WARN__DUPLICATE_METHOD_MATCH = YES;
				COPY_PHASE_STRIP = NO;
				DEBUG_INFORMATION_FORMAT = "dwarf-with-dsym";
				ENABLE_NS_ASSERTIONS = NO;
				ENABLE_STRICT_OBJC_MSGSEND = YES;
				GCC_C_LANGUAGE_STANDARD = gnu11;
				GCC_NO_COMMON_BLOCKS = YES;
				GCC_WARN_64_TO_32_BIT_CONVERSION = YES;
				GCC_WARN_ABOUT_RETURN_TYPE = YES_ERROR;
				GCC_WARN_UNDECLARED_SELECTOR = YES;
				GCC_WARN_UNINITIALIZED_AUTOS = YES_AGGRESSIVE;
				GCC_WARN_UNUSED_FUNCTION = YES;
				GCC_WARN_UNUSED_VARIABLE = YES;
				MTL_ENABLE_DEBUG_INFO = NO;
				MTL_FAST_MATH = YES;
				SWIFT_COMPILATION_MODE = wholemodule;
				SWIFT_OPTIMIZATION_LEVEL = "-O";
			};
			name = Release;
		};
		DA7AC5E5299DBDDB00D2DD6A /* Debug */ = {
			isa = XCBuildConfiguration;
			buildSettings = {
				ASSETCATALOG_COMPILER_APPICON_NAME = AppIcon;
				ASSETCATALOG_COMPILER_GLOBAL_ACCENT_COLOR_NAME = AccentColor;
				CODE_SIGN_ENTITLEMENTS = GpaCalculator/GpaCalculator.entitlements;
				CODE_SIGN_STYLE = Automatic;
				CURRENT_PROJECT_VERSION = 1;
				DEVELOPMENT_ASSET_PATHS = "\"GpaCalculator/Preview Content\"";
				DEVELOPMENT_TEAM = 4CGD473Q29;
				ENABLE_HARDENED_RUNTIME = YES;
				ENABLE_PREVIEWS = YES;
				GENERATE_INFOPLIST_FILE = YES;
				"INFOPLIST_KEY_UIApplicationSceneManifest_Generation[sdk=iphoneos*]" = YES;
				"INFOPLIST_KEY_UIApplicationSceneManifest_Generation[sdk=iphonesimulator*]" = YES;
				"INFOPLIST_KEY_UIApplicationSupportsIndirectInputEvents[sdk=iphoneos*]" = YES;
				"INFOPLIST_KEY_UIApplicationSupportsIndirectInputEvents[sdk=iphonesimulator*]" = YES;
				"INFOPLIST_KEY_UILaunchScreen_Generation[sdk=iphoneos*]" = YES;
				"INFOPLIST_KEY_UILaunchScreen_Generation[sdk=iphonesimulator*]" = YES;
				"INFOPLIST_KEY_UIStatusBarStyle[sdk=iphoneos*]" = UIStatusBarStyleDefault;
				"INFOPLIST_KEY_UIStatusBarStyle[sdk=iphonesimulator*]" = UIStatusBarStyleDefault;
				INFOPLIST_KEY_UISupportedInterfaceOrientations_iPad = "UIInterfaceOrientationPortrait UIInterfaceOrientationPortraitUpsideDown UIInterfaceOrientationLandscapeLeft UIInterfaceOrientationLandscapeRight";
				INFOPLIST_KEY_UISupportedInterfaceOrientations_iPhone = "UIInterfaceOrientationPortrait UIInterfaceOrientationLandscapeLeft UIInterfaceOrientationLandscapeRight";
				IPHONEOS_DEPLOYMENT_TARGET = 15.0;
				LD_RUNPATH_SEARCH_PATHS = "@executable_path/Frameworks";
				"LD_RUNPATH_SEARCH_PATHS[sdk=macosx*]" = "@executable_path/../Frameworks";
				MACOSX_DEPLOYMENT_TARGET = 13.1;
				MARKETING_VERSION = 1.0;
				PRODUCT_BUNDLE_IDENTIFIER = InSt8Prg.GpaCalculator;
				PRODUCT_NAME = "$(TARGET_NAME)";
				SDKROOT = auto;
				SUPPORTED_PLATFORMS = "iphoneos iphonesimulator macosx";
				SWIFT_EMIT_LOC_STRINGS = YES;
				SWIFT_VERSION = 5.0;
				TARGETED_DEVICE_FAMILY = "1,2";
			};
			name = Debug;
		};
		DA7AC5E6299DBDDB00D2DD6A /* Release */ = {
			isa = XCBuildConfiguration;
			buildSettings = {
				ASSETCATALOG_COMPILER_APPICON_NAME = AppIcon;
				ASSETCATALOG_COMPILER_GLOBAL_ACCENT_COLOR_NAME = AccentColor;
				CODE_SIGN_ENTITLEMENTS = GpaCalculator/GpaCalculator.entitlements;
				CODE_SIGN_STYLE = Automatic;
				CURRENT_PROJECT_VERSION = 1;
				DEVELOPMENT_ASSET_PATHS = "\"GpaCalculator/Preview Content\"";
				DEVELOPMENT_TEAM = 4CGD473Q29;
				ENABLE_HARDENED_RUNTIME = YES;
				ENABLE_PREVIEWS = YES;
				GENERATE_INFOPLIST_FILE = YES;
				"INFOPLIST_KEY_UIApplicationSceneManifest_Generation[sdk=iphoneos*]" = YES;
				"INFOPLIST_KEY_UIApplicationSceneManifest_Generation[sdk=iphonesimulator*]" = YES;
				"INFOPLIST_KEY_UIApplicationSupportsIndirectInputEvents[sdk=iphoneos*]" = YES;
				"INFOPLIST_KEY_UIApplicationSupportsIndirectInputEvents[sdk=iphonesimulator*]" = YES;
				"INFOPLIST_KEY_UILaunchScreen_Generation[sdk=iphoneos*]" = YES;
				"INFOPLIST_KEY_UILaunchScreen_Generation[sdk=iphonesimulator*]" = YES;
				"INFOPLIST_KEY_UIStatusBarStyle[sdk=iphoneos*]" = UIStatusBarStyleDefault;
				"INFOPLIST_KEY_UIStatusBarStyle[sdk=iphonesimulator*]" = UIStatusBarStyleDefault;
				INFOPLIST_KEY_UISupportedInterfaceOrientations_iPad = "UIInterfaceOrientationPortrait UIInterfaceOrientationPortraitUpsideDown UIInterfaceOrientationLandscapeLeft UIInterfaceOrientationLandscapeRight";
				INFOPLIST_KEY_UISupportedInterfaceOrientations_iPhone = "UIInterfaceOrientationPortrait UIInterfaceOrientationLandscapeLeft UIInterfaceOrientationLandscapeRight";
				IPHONEOS_DEPLOYMENT_TARGET = 15.0;
				LD_RUNPATH_SEARCH_PATHS = "@executable_path/Frameworks";
				"LD_RUNPATH_SEARCH_PATHS[sdk=macosx*]" = "@executable_path/../Frameworks";
				MACOSX_DEPLOYMENT_TARGET = 13.1;
				MARKETING_VERSION = 1.0;
				PRODUCT_BUNDLE_IDENTIFIER = InSt8Prg.GpaCalculator;
				PRODUCT_NAME = "$(TARGET_NAME)";
				SDKROOT = auto;
				SUPPORTED_PLATFORMS = "iphoneos iphonesimulator macosx";
				SWIFT_EMIT_LOC_STRINGS = YES;
				SWIFT_VERSION = 5.0;
				TARGETED_DEVICE_FAMILY = "1,2";
			};
			name = Release;
		};
		DA7AC5E8299DBDDB00D2DD6A /* Debug */ = {
			isa = XCBuildConfiguration;
			buildSettings = {
				ALWAYS_EMBED_SWIFT_STANDARD_LIBRARIES = YES;
				BUNDLE_LOADER = "$(TEST_HOST)";
				CODE_SIGN_STYLE = Automatic;
				CURRENT_PROJECT_VERSION = 1;
				DEVELOPMENT_TEAM = 4CGD473Q29;
				GENERATE_INFOPLIST_FILE = YES;
				IPHONEOS_DEPLOYMENT_TARGET = 16.2;
				MACOSX_DEPLOYMENT_TARGET = 13.1;
				MARKETING_VERSION = 1.0;
				PRODUCT_BUNDLE_IDENTIFIER = InSt8Prg.GpaCalculatorTests;
				PRODUCT_NAME = "$(TARGET_NAME)";
				SDKROOT = auto;
				SUPPORTED_PLATFORMS = "iphoneos iphonesimulator macosx";
				SWIFT_EMIT_LOC_STRINGS = NO;
				SWIFT_VERSION = 5.0;
				TARGETED_DEVICE_FAMILY = "1,2";
				TEST_HOST = "$(BUILT_PRODUCTS_DIR)/GpaCalculator.app/$(BUNDLE_EXECUTABLE_FOLDER_PATH)/GpaCalculator";
			};
			name = Debug;
		};
		DA7AC5E9299DBDDB00D2DD6A /* Release */ = {
			isa = XCBuildConfiguration;
			buildSettings = {
				ALWAYS_EMBED_SWIFT_STANDARD_LIBRARIES = YES;
				BUNDLE_LOADER = "$(TEST_HOST)";
				CODE_SIGN_STYLE = Automatic;
				CURRENT_PROJECT_VERSION = 1;
				DEVELOPMENT_TEAM = 4CGD473Q29;
				GENERATE_INFOPLIST_FILE = YES;
				IPHONEOS_DEPLOYMENT_TARGET = 16.2;
				MACOSX_DEPLOYMENT_TARGET = 13.1;
				MARKETING_VERSION = 1.0;
				PRODUCT_BUNDLE_IDENTIFIER = InSt8Prg.GpaCalculatorTests;
				PRODUCT_NAME = "$(TARGET_NAME)";
				SDKROOT = auto;
				SUPPORTED_PLATFORMS = "iphoneos iphonesimulator macosx";
				SWIFT_EMIT_LOC_STRINGS = NO;
				SWIFT_VERSION = 5.0;
				TARGETED_DEVICE_FAMILY = "1,2";
				TEST_HOST = "$(BUILT_PRODUCTS_DIR)/GpaCalculator.app/$(BUNDLE_EXECUTABLE_FOLDER_PATH)/GpaCalculator";
			};
			name = Release;
		};
		DA7AC5EB299DBDDB00D2DD6A /* Debug */ = {
			isa = XCBuildConfiguration;
			buildSettings = {
				ALWAYS_EMBED_SWIFT_STANDARD_LIBRARIES = YES;
				CODE_SIGN_STYLE = Automatic;
				CURRENT_PROJECT_VERSION = 1;
				DEVELOPMENT_TEAM = 4CGD473Q29;
				GENERATE_INFOPLIST_FILE = YES;
				IPHONEOS_DEPLOYMENT_TARGET = 16.2;
				MACOSX_DEPLOYMENT_TARGET = 13.1;
				MARKETING_VERSION = 1.0;
				PRODUCT_BUNDLE_IDENTIFIER = InSt8Prg.GpaCalculatorUITests;
				PRODUCT_NAME = "$(TARGET_NAME)";
				SDKROOT = auto;
				SUPPORTED_PLATFORMS = "iphoneos iphonesimulator macosx";
				SWIFT_EMIT_LOC_STRINGS = NO;
				SWIFT_VERSION = 5.0;
				TARGETED_DEVICE_FAMILY = "1,2";
				TEST_TARGET_NAME = GpaCalculator;
			};
			name = Debug;
		};
		DA7AC5EC299DBDDB00D2DD6A /* Release */ = {
			isa = XCBuildConfiguration;
			buildSettings = {
				ALWAYS_EMBED_SWIFT_STANDARD_LIBRARIES = YES;
				CODE_SIGN_STYLE = Automatic;
				CURRENT_PROJECT_VERSION = 1;
				DEVELOPMENT_TEAM = 4CGD473Q29;
				GENERATE_INFOPLIST_FILE = YES;
				IPHONEOS_DEPLOYMENT_TARGET = 16.2;
				MACOSX_DEPLOYMENT_TARGET = 13.1;
				MARKETING_VERSION = 1.0;
				PRODUCT_BUNDLE_IDENTIFIER = InSt8Prg.GpaCalculatorUITests;
				PRODUCT_NAME = "$(TARGET_NAME)";
				SDKROOT = auto;
				SUPPORTED_PLATFORMS = "iphoneos iphonesimulator macosx";
				SWIFT_EMIT_LOC_STRINGS = NO;
				SWIFT_VERSION = 5.0;
				TARGETED_DEVICE_FAMILY = "1,2";
				TEST_TARGET_NAME = GpaCalculator;
			};
			name = Release;
		};
/* End XCBuildConfiguration section */

/* Begin XCConfigurationList section */
		DA7AC5B5299DBDD800D2DD6A /* Build configuration list for PBXProject "GpaCalculator" */ = {
			isa = XCConfigurationList;
			buildConfigurations = (
				DA7AC5E2299DBDDB00D2DD6A /* Debug */,
				DA7AC5E3299DBDDB00D2DD6A /* Release */,
			);
			defaultConfigurationIsVisible = 0;
			defaultConfigurationName = Release;
		};
		DA7AC5E4299DBDDB00D2DD6A /* Build configuration list for PBXNativeTarget "GpaCalculator" */ = {
			isa = XCConfigurationList;
			buildConfigurations = (
				DA7AC5E5299DBDDB00D2DD6A /* Debug */,
				DA7AC5E6299DBDDB00D2DD6A /* Release */,
			);
			defaultConfigurationIsVisible = 0;
			defaultConfigurationName = Release;
		};
		DA7AC5E7299DBDDB00D2DD6A /* Build configuration list for PBXNativeTarget "GpaCalculatorTests" */ = {
			isa = XCConfigurationList;
			buildConfigurations = (
				DA7AC5E8299DBDDB00D2DD6A /* Debug */,
				DA7AC5E9299DBDDB00D2DD6A /* Release */,
			);
			defaultConfigurationIsVisible = 0;
			defaultConfigurationName = Release;
		};
		DA7AC5EA299DBDDB00D2DD6A /* Build configuration list for PBXNativeTarget "GpaCalculatorUITests" */ = {
			isa = XCConfigurationList;
			buildConfigurations = (
				DA7AC5EB299DBDDB00D2DD6A /* Debug */,
				DA7AC5EC299DBDDB00D2DD6A /* Release */,
			);
			defaultConfigurationIsVisible = 0;
			defaultConfigurationName = Release;
		};
/* End XCConfigurationList section */

/* Begin XCVersionGroup section */
		DA7AC5C1299DBDD800D2DD6A /* GpaCalculator.xcdatamodeld */ = {
			isa = XCVersionGroup;
			children = (
				DA7AC5C2299DBDD800D2DD6A /* GpaCalculator.xcdatamodel */,
			);
			currentVersion = DA7AC5C2299DBDD800D2DD6A /* GpaCalculator.xcdatamodel */;
			path = GpaCalculator.xcdatamodeld;
			sourceTree = "<group>";
			versionGroupType = wrapper.xcdatamodel;
		};
/* End XCVersionGroup section */
	};
	rootObject = DA7AC5B2299DBDD800D2DD6A /* Project object */;
}
